
Microsoft Visual Studio Solution File, Format Version 12.00
Project("{2150E333-8FDC-42A3-9474-1A3956D46DE8}") = "1.Utils", "1.Utils", "{0E07673E-6333-42E2-9622-C5134F3D04C0}"
EndProject
Project("{2150E333-8FDC-42A3-9474-1A3956D46DE8}") = "2.Core", "2.Core", "{CA84A6E7-E949-4F3B-9877-1990F3071DF3}"
EndProject
Project("{2150E333-8FDC-42A3-9474-1A3956D46DE8}") = "3.Applition", "3.Applition", "{1A2CFEE7-0DAD-42C8-B93A-CD40231B1E84}"
EndProject
Project("{2150E333-8FDC-42A3-9474-1A3956D46DE8}") = "4.Test", "4.Test", "{EAC531A3-416B-4B97-95D3-9FC4D1B559FB}"
EndProject
Project("{FAE04EC0-301F-11D3-BF4B-00C04F79EFBC}") = "Ko.Entity", "Ko.Entity\Ko.Entity.csproj", "{3F6DF8CA-550D-49AC-8DF2-8AE6A609F165}"
EndProject
Project("{FAE04EC0-301F-11D3-BF4B-00C04F79EFBC}") = "Ko.Services", "Ko.Services\Ko.Services.csproj", "{57CA2790-FEEE-483A-B04B-9DCF9D15C73C}"
EndProject
Project("{FAE04EC0-301F-11D3-BF4B-00C04F79EFBC}") = "Ko.Common", "Ko.Common\Ko.Common.csproj", "{0D24FCA6-50EA-4D02-955D-B75015D40A5E}"
EndProject
Project("{FAE04EC0-301F-11D3-BF4B-00C04F79EFBC}") = "Ko.Repositories", "Ko.Repositories\Ko.Repositories.csproj", "{51EC7978-7AC3-40DB-ACF7-FA5502FE0B8E}"
EndProject
Project("{FAE04EC0-301F-11D3-BF4B-00C04F79EFBC}") = "Ko.Api.Admin", "Ko.Api.Admin\Ko.Api.Admin.csproj", "{70191B36-B255-414B-89E1-165FB4C6FAD2}"
EndProject
Global
	GlobalSection(SolutionConfigurationPlatforms) = preSolution
		Debug|Any CPU = Debug|Any CPU
		Release|Any CPU = Release|Any CPU
	EndGlobalSection
	GlobalSection(ProjectConfigurationPlatforms) = postSolution
		{3F6DF8CA-550D-49AC-8DF2-8AE6A609F165}.Debug|Any CPU.ActiveCfg = Debug|Any CPU
		{3F6DF8CA-550D-49AC-8DF2-8AE6A609F165}.Debug|Any CPU.Build.0 = Debug|Any CPU
		{3F6DF8CA-550D-49AC-8DF2-8AE6A609F165}.Release|Any CPU.ActiveCfg = Release|Any CPU
		{3F6DF8CA-550D-49AC-8DF2-8AE6A609F165}.Release|Any CPU.Build.0 = Release|Any CPU
		{57CA2790-FEEE-483A-B04B-9DCF9D15C73C}.Debug|Any CPU.ActiveCfg = Debug|Any CPU
		{57CA2790-FEEE-483A-B04B-9DCF9D15C73C}.Debug|Any CPU.Build.0 = Debug|Any CPU
		{57CA2790-FEEE-483A-B04B-9DCF9D15C73C}.Release|Any CPU.ActiveCfg = Release|Any CPU
		{57CA2790-FEEE-483A-B04B-9DCF9D15C73C}.Release|Any CPU.Build.0 = Release|Any CPU
		{0D24FCA6-50EA-4D02-955D-B75015D40A5E}.Debug|Any CPU.ActiveCfg = Debug|Any CPU
		{0D24FCA6-50EA-4D02-955D-B75015D40A5E}.Debug|Any CPU.Build.0 = Debug|Any CPU
		{0D24FCA6-50EA-4D02-955D-B75015D40A5E}.Release|Any CPU.ActiveCfg = Release|Any CPU
		{0D24FCA6-50EA-4D02-955D-B75015D40A5E}.Release|Any CPU.Build.0 = Release|Any CPU
		{51EC7978-7AC3-40DB-ACF7-FA5502FE0B8E}.Debug|Any CPU.ActiveCfg = Debug|Any CPU
		{51EC7978-7AC3-40DB-ACF7-FA5502FE0B8E}.Debug|Any CPU.Build.0 = Debug|Any CPU
		{51EC7978-7AC3-40DB-ACF7-FA5502FE0B8E}.Release|Any CPU.ActiveCfg = Release|Any CPU
		{51EC7978-7AC3-40DB-ACF7-FA5502FE0B8E}.Release|Any CPU.Build.0 = Release|Any CPU
		{70191B36-B255-414B-89E1-165FB4C6FAD2}.Debug|Any CPU.ActiveCfg = Debug|Any CPU
		{70191B36-B255-414B-89E1-165FB4C6FAD2}.Debug|Any CPU.Build.0 = Debug|Any CPU
		{70191B36-B255-414B-89E1-165FB4C6FAD2}.Release|Any CPU.ActiveCfg = Release|Any CPU
		{70191B36-B255-414B-89E1-165FB4C6FAD2}.Release|Any CPU.Build.0 = Release|Any CPU
	EndGlobalSection
	GlobalSection(NestedProjects) = preSolution
		{3F6DF8CA-550D-49AC-8DF2-8AE6A609F165} = {CA84A6E7-E949-4F3B-9877-1990F3071DF3}
		{57CA2790-FEEE-483A-B04B-9DCF9D15C73C} = {CA84A6E7-E949-4F3B-9877-1990F3071DF3}
		{0D24FCA6-50EA-4D02-955D-B75015D40A5E} = {0E07673E-6333-42E2-9622-C5134F3D04C0}
		{51EC7978-7AC3-40DB-ACF7-FA5502FE0B8E} = {CA84A6E7-E949-4F3B-9877-1990F3071DF3}
		{70191B36-B255-414B-89E1-165FB4C6FAD2} = {1A2CFEE7-0DAD-42C8-B93A-CD40231B1E84}
	EndGlobalSection
EndGlobal
